
Microsoft Visual Studio Solution File, Format Version 12.00
# Visual Studio Version 16
VisualStudioVersion = 16.0.29920.165
MinimumVisualStudioVersion = 10.0.40219.1
Project("{2150E333-8FDC-42A3-9474-1A3956D46DE8}") = "Domain", "Domain", "{35491B39-50E7-4539-8236-867BD520AAC0}"
EndProject
Project("{2150E333-8FDC-42A3-9474-1A3956D46DE8}") = "Infra.Bus", "Infra.Bus", "{FB24553F-E42E-43FA-80DE-9B448CCF919F}"
EndProject
Project("{2150E333-8FDC-42A3-9474-1A3956D46DE8}") = "Infra.Ioc", "Infra.Ioc", "{F8B13B51-5A4F-44CF-A2F2-9913F7BC4A06}"
EndProject
Project("{2150E333-8FDC-42A3-9474-1A3956D46DE8}") = "Microservices", "Microservices", "{D2E486BF-FABF-41E0-B10B-B3AFA9E7B71F}"
EndProject
Project("{2150E333-8FDC-42A3-9474-1A3956D46DE8}") = "Presentation", "Presentation", "{B0BD4FB7-C469-485A-855E-9D97187C8B8B}"
EndProject
Project("{9A19103F-16F7-4668-BE54-9A1E7A4F7556}") = "MicroRabbit.Domain.Core", "MicroRabbit.Domain.Core\MicroRabbit.Domain.Core.csproj", "{1300C291-48CB-44EC-88DD-379DCB20F85A}"
EndProject
Project("{9A19103F-16F7-4668-BE54-9A1E7A4F7556}") = "MicroRabbit.Infra.Bus", "MicroRabbit.Infra.Bus\MicroRabbit.Infra.Bus.csproj", "{28143CD4-2C7D-43B0-B42C-190AA8F4EFEF}"
EndProject
Project("{FAE04EC0-301F-11D3-BF4B-00C04F79EFBC}") = "MicroRabbit.Infra.IoC", "MicroRabbit.Infra.IoC\MicroRabbit.Infra.IoC.csproj", "{CAFA8448-BC49-4AB7-824C-3B7DB9F10450}"
EndProject
Project("{2150E333-8FDC-42A3-9474-1A3956D46DE8}") = "BankingService", "BankingService", "{AC946025-8DAA-4ED9-A6D7-10C85E593D70}"
EndProject
Project("{2150E333-8FDC-42A3-9474-1A3956D46DE8}") = "API", "API", "{FA0C6B84-D7DE-4E3A-9BED-9E07540AE9D1}"
EndProject
Project("{2150E333-8FDC-42A3-9474-1A3956D46DE8}") = "Domain", "Domain", "{6C963D0F-C00B-4FF7-81DE-2727BE2F4EA0}"
EndProject
Project("{2150E333-8FDC-42A3-9474-1A3956D46DE8}") = "Application", "Application", "{545E9598-7254-4231-A8F7-FACD4FEB1992}"
EndProject
Project("{2150E333-8FDC-42A3-9474-1A3956D46DE8}") = "Data", "Data", "{818EF644-BDE0-446F-AFF8-F7BC5F7C6F6F}"
EndProject
Project("{FAE04EC0-301F-11D3-BF4B-00C04F79EFBC}") = "MicroRabbit.Banking.Api", "MicroRabbit.Banking.Api\MicroRabbit.Banking.Api.csproj", "{5091945D-1DDB-490F-A71A-ED99A5BDB556}"
EndProject
Project("{FAE04EC0-301F-11D3-BF4B-00C04F79EFBC}") = "MicroRabbit.Banking.Application", "MicroRabbit.Banking.Application\MicroRabbit.Banking.Application.csproj", "{EEDA6509-B15D-4562-B7AB-039FC0D836CE}"
EndProject
Project("{FAE04EC0-301F-11D3-BF4B-00C04F79EFBC}") = "MicroRabbit.Banking.Data", "MicroRabbit.Banking.Data\MicroRabbit.Banking.Data.csproj", "{00743DB6-AEAC-4155-AB33-8F051058E56A}"
EndProject
Project("{FAE04EC0-301F-11D3-BF4B-00C04F79EFBC}") = "MicroRabbit.Banking.Domain", "MicroRabbit.Banking.Domain\MicroRabbit.Banking.Domain.csproj", "{3904248D-3542-455F-83CB-795A187BEEFB}"
EndProject
Global
	GlobalSection(SolutionConfigurationPlatforms) = preSolution
		Debug|Any CPU = Debug|Any CPU
		Release|Any CPU = Release|Any CPU
	EndGlobalSection
	GlobalSection(ProjectConfigurationPlatforms) = postSolution
		{1300C291-48CB-44EC-88DD-379DCB20F85A}.Debug|Any CPU.ActiveCfg = Debug|Any CPU
		{1300C291-48CB-44EC-88DD-379DCB20F85A}.Debug|Any CPU.Build.0 = Debug|Any CPU
		{1300C291-48CB-44EC-88DD-379DCB20F85A}.Release|Any CPU.ActiveCfg = Release|Any CPU
		{1300C291-48CB-44EC-88DD-379DCB20F85A}.Release|Any CPU.Build.0 = Release|Any CPU
		{28143CD4-2C7D-43B0-B42C-190AA8F4EFEF}.Debug|Any CPU.ActiveCfg = Debug|Any CPU
		{28143CD4-2C7D-43B0-B42C-190AA8F4EFEF}.Debug|Any CPU.Build.0 = Debug|Any CPU
		{28143CD4-2C7D-43B0-B42C-190AA8F4EFEF}.Release|Any CPU.ActiveCfg = Release|Any CPU
		{28143CD4-2C7D-43B0-B42C-190AA8F4EFEF}.Release|Any CPU.Build.0 = Release|Any CPU
		{CAFA8448-BC49-4AB7-824C-3B7DB9F10450}.Debug|Any CPU.ActiveCfg = Debug|Any CPU
		{CAFA8448-BC49-4AB7-824C-3B7DB9F10450}.Debug|Any CPU.Build.0 = Debug|Any CPU
		{CAFA8448-BC49-4AB7-824C-3B7DB9F10450}.Release|Any CPU.ActiveCfg = Release|Any CPU
		{CAFA8448-BC49-4AB7-824C-3B7DB9F10450}.Release|Any CPU.Build.0 = Release|Any CPU
		{5091945D-1DDB-490F-A71A-ED99A5BDB556}.Debug|Any CPU.ActiveCfg = Debug|Any CPU
		{5091945D-1DDB-490F-A71A-ED99A5BDB556}.Debug|Any CPU.Build.0 = Debug|Any CPU
		{5091945D-1DDB-490F-A71A-ED99A5BDB556}.Release|Any CPU.ActiveCfg = Release|Any CPU
		{5091945D-1DDB-490F-A71A-ED99A5BDB556}.Release|Any CPU.Build.0 = Release|Any CPU
		{EEDA6509-B15D-4562-B7AB-039FC0D836CE}.Debug|Any CPU.ActiveCfg = Debug|Any CPU
		{EEDA6509-B15D-4562-B7AB-039FC0D836CE}.Debug|Any CPU.Build.0 = Debug|Any CPU
		{EEDA6509-B15D-4562-B7AB-039FC0D836CE}.Release|Any CPU.ActiveCfg = Release|Any CPU
		{EEDA6509-B15D-4562-B7AB-039FC0D836CE}.Release|Any CPU.Build.0 = Release|Any CPU
		{00743DB6-AEAC-4155-AB33-8F051058E56A}.Debug|Any CPU.ActiveCfg = Debug|Any CPU
		{00743DB6-AEAC-4155-AB33-8F051058E56A}.Debug|Any CPU.Build.0 = Debug|Any CPU
		{00743DB6-AEAC-4155-AB33-8F051058E56A}.Release|Any CPU.ActiveCfg = Release|Any CPU
		{00743DB6-AEAC-4155-AB33-8F051058E56A}.Release|Any CPU.Build.0 = Release|Any CPU
		{3904248D-3542-455F-83CB-795A187BEEFB}.Debug|Any CPU.ActiveCfg = Debug|Any CPU
		{3904248D-3542-455F-83CB-795A187BEEFB}.Debug|Any CPU.Build.0 = Debug|Any CPU
		{3904248D-3542-455F-83CB-795A187BEEFB}.Release|Any CPU.ActiveCfg = Release|Any CPU
		{3904248D-3542-455F-83CB-795A187BEEFB}.Release|Any CPU.Build.0 = Release|Any CPU
	EndGlobalSection
	GlobalSection(SolutionProperties) = preSolution
		HideSolutionNode = FALSE
	EndGlobalSection
	GlobalSection(NestedProjects) = preSolution
		{1300C291-48CB-44EC-88DD-379DCB20F85A} = {35491B39-50E7-4539-8236-867BD520AAC0}
		{28143CD4-2C7D-43B0-B42C-190AA8F4EFEF} = {FB24553F-E42E-43FA-80DE-9B448CCF919F}
		{CAFA8448-BC49-4AB7-824C-3B7DB9F10450} = {F8B13B51-5A4F-44CF-A2F2-9913F7BC4A06}
		{AC946025-8DAA-4ED9-A6D7-10C85E593D70} = {D2E486BF-FABF-41E0-B10B-B3AFA9E7B71F}
		{FA0C6B84-D7DE-4E3A-9BED-9E07540AE9D1} = {AC946025-8DAA-4ED9-A6D7-10C85E593D70}
		{6C963D0F-C00B-4FF7-81DE-2727BE2F4EA0} = {AC946025-8DAA-4ED9-A6D7-10C85E593D70}
		{545E9598-7254-4231-A8F7-FACD4FEB1992} = {AC946025-8DAA-4ED9-A6D7-10C85E593D70}
		{818EF644-BDE0-446F-AFF8-F7BC5F7C6F6F} = {AC946025-8DAA-4ED9-A6D7-10C85E593D70}
		{5091945D-1DDB-490F-A71A-ED99A5BDB556} = {FA0C6B84-D7DE-4E3A-9BED-9E07540AE9D1}
		{EEDA6509-B15D-4562-B7AB-039FC0D836CE} = {545E9598-7254-4231-A8F7-FACD4FEB1992}
		{00743DB6-AEAC-4155-AB33-8F051058E56A} = {818EF644-BDE0-446F-AFF8-F7BC5F7C6F6F}
		{3904248D-3542-455F-83CB-795A187BEEFB} = {6C963D0F-C00B-4FF7-81DE-2727BE2F4EA0}
	EndGlobalSection
	GlobalSection(ExtensibilityGlobals) = postSolution
		SolutionGuid = {24E0C36E-C691-4888-AB20-6B51C079E551}
	EndGlobalSection
EndGlobal
